
Microsoft Visual Studio Solution File, Format Version 12.00
# Visual Studio 2012
Project("{FAE04EC0-301F-11D3-BF4B-00C04F79EFBC}") = "ShippingRoutes", "ShippingRoutes\ShippingRoutes.csproj", "{47F2BD5B-4EFF-4646-BF37-B6839FB04ACD}"
EndProject
Project("{FAE04EC0-301F-11D3-BF4B-00C04F79EFBC}") = "UnitTestProject1", "UnitTestProject1\UnitTestProject1.csproj", "{FB1CCE93-8E0C-4F8A-ACFE-10F0F653E7C6}"
EndProject
Global
	GlobalSection(SolutionConfigurationPlatforms) = preSolution
		Debug|Any CPU = Debug|Any CPU
		Release|Any CPU = Release|Any CPU
	EndGlobalSection
	GlobalSection(ProjectConfigurationPlatforms) = postSolution
		{47F2BD5B-4EFF-4646-BF37-B6839FB04ACD}.Debug|Any CPU.ActiveCfg = Debug|Any CPU
		{47F2BD5B-4EFF-4646-BF37-B6839FB04ACD}.Debug|Any CPU.Build.0 = Debug|Any CPU
		{47F2BD5B-4EFF-4646-BF37-B6839FB04ACD}.Release|Any CPU.ActiveCfg = Release|Any CPU
		{47F2BD5B-4EFF-4646-BF37-B6839FB04ACD}.Release|Any CPU.Build.0 = Release|Any CPU
		{FB1CCE93-8E0C-4F8A-ACFE-10F0F653E7C6}.Debug|Any CPU.ActiveCfg = Debug|Any CPU
		{FB1CCE93-8E0C-4F8A-ACFE-10F0F653E7C6}.Debug|Any CPU.Build.0 = Debug|Any CPU
		{FB1CCE93-8E0C-4F8A-ACFE-10F0F653E7C6}.Release|Any CPU.ActiveCfg = Release|Any CPU
		{FB1CCE93-8E0C-4F8A-ACFE-10F0F653E7C6}.Release|Any CPU.Build.0 = Release|Any CPU
	EndGlobalSection
	GlobalSection(SolutionProperties) = preSolution
		HideSolutionNode = FALSE
	EndGlobalSection
EndGlobal
